
Microsoft Visual Studio Solution File, Format Version 12.00
# Visual Studio Version 17
VisualStudioVersion = 17.0.31903.59
MinimumVisualStudioVersion = 10.0.40219.1
Project("{2150E333-8FDC-42A3-9474-1A3956D46DE8}") = "src", "src", "{827E0CD3-B72D-47B6-A68D-7590B98EB39B}"
EndProject
Project("{FAE04EC0-301F-11D3-BF4B-00C04F79EFBC}") = "AlMal.Domain", "src\AlMal.Domain\AlMal.Domain.csproj", "{8F3F89FE-B802-4E81-9C3C-609F8DBFB406}"
EndProject
Project("{FAE04EC0-301F-11D3-BF4B-00C04F79EFBC}") = "AlMal.Application", "src\AlMal.Application\AlMal.Application.csproj", "{B1FF950A-A432-49AC-A67A-7BF7DB36CD65}"
EndProject
Project("{FAE04EC0-301F-11D3-BF4B-00C04F79EFBC}") = "AlMal.Infrastructure", "src\AlMal.Infrastructure\AlMal.Infrastructure.csproj", "{C14FAC0A-EA8E-47E5-924E-3664CD41DE9B}"
EndProject
Project("{FAE04EC0-301F-11D3-BF4B-00C04F79EFBC}") = "AlMal.Web", "src\AlMal.Web\AlMal.Web.csproj", "{AE80454E-F3EA-4571-AD94-372E5ACE26A5}"
EndProject
Project("{FAE04EC0-301F-11D3-BF4B-00C04F79EFBC}") = "AlMal.Admin", "src\AlMal.Admin\AlMal.Admin.csproj", "{EC99A4EB-1541-4C0B-94CA-1AA95A704A41}"
EndProject
Project("{FAE04EC0-301F-11D3-BF4B-00C04F79EFBC}") = "AlMal.API", "src\AlMal.API\AlMal.API.csproj", "{C4F032B7-58CE-4DA0-B6D2-94500D8AB4B4}"
EndProject
Project("{FAE04EC0-301F-11D3-BF4B-00C04F79EFBC}") = "AlMal.BackgroundServices", "src\AlMal.BackgroundServices\AlMal.BackgroundServices.csproj", "{4FB7F216-7F05-4306-BD58-A5DCF17B14D0}"
EndProject
Project("{2150E333-8FDC-42A3-9474-1A3956D46DE8}") = "tests", "tests", "{0AB3BF05-4346-4AA6-1389-037BE0695223}"
EndProject
Project("{FAE04EC0-301F-11D3-BF4B-00C04F79EFBC}") = "AlMal.UnitTests", "tests\AlMal.UnitTests\AlMal.UnitTests.csproj", "{D2455CF4-29BD-4A21-9F00-E09D8226BC8C}"
EndProject
Project("{FAE04EC0-301F-11D3-BF4B-00C04F79EFBC}") = "AlMal.IntegrationTests", "tests\AlMal.IntegrationTests\AlMal.IntegrationTests.csproj", "{748B46EB-6DE4-4BD0-A307-0BB5A08F21AE}"
EndProject
Project("{FAE04EC0-301F-11D3-BF4B-00C04F79EFBC}") = "AlMal.E2ETests", "tests\AlMal.E2ETests\AlMal.E2ETests.csproj", "{51363E7A-5744-4AF6-BA60-51C1D96DF14D}"
EndProject
Global
	GlobalSection(SolutionConfigurationPlatforms) = preSolution
		Debug|Any CPU = Debug|Any CPU
		Debug|x64 = Debug|x64
		Debug|x86 = Debug|x86
		Release|Any CPU = Release|Any CPU
		Release|x64 = Release|x64
		Release|x86 = Release|x86
	EndGlobalSection
	GlobalSection(ProjectConfigurationPlatforms) = postSolution
		{8F3F89FE-B802-4E81-9C3C-609F8DBFB406}.Debug|Any CPU.ActiveCfg = Debug|Any CPU
		{8F3F89FE-B802-4E81-9C3C-609F8DBFB406}.Debug|Any CPU.Build.0 = Debug|Any CPU
		{8F3F89FE-B802-4E81-9C3C-609F8DBFB406}.Debug|x64.ActiveCfg = Debug|Any CPU
		{8F3F89FE-B802-4E81-9C3C-609F8DBFB406}.Debug|x64.Build.0 = Debug|Any CPU
		{8F3F89FE-B802-4E81-9C3C-609F8DBFB406}.Debug|x86.ActiveCfg = Debug|Any CPU
		{8F3F89FE-B802-4E81-9C3C-609F8DBFB406}.Debug|x86.Build.0 = Debug|Any CPU
		{8F3F89FE-B802-4E81-9C3C-609F8DBFB406}.Release|Any CPU.ActiveCfg = Release|Any CPU
		{8F3F89FE-B802-4E81-9C3C-609F8DBFB406}.Release|Any CPU.Build.0 = Release|Any CPU
		{8F3F89FE-B802-4E81-9C3C-609F8DBFB406}.Release|x64.ActiveCfg = Release|Any CPU
		{8F3F89FE-B802-4E81-9C3C-609F8DBFB406}.Release|x64.Build.0 = Release|Any CPU
		{8F3F89FE-B802-4E81-9C3C-609F8DBFB406}.Release|x86.ActiveCfg = Release|Any CPU
		{8F3F89FE-B802-4E81-9C3C-609F8DBFB406}.Release|x86.Build.0 = Release|Any CPU
		{B1FF950A-A432-49AC-A67A-7BF7DB36CD65}.Debug|Any CPU.ActiveCfg = Debug|Any CPU
		{B1FF950A-A432-49AC-A67A-7BF7DB36CD65}.Debug|Any CPU.Build.0 = Debug|Any CPU
		{B1FF950A-A432-49AC-A67A-7BF7DB36CD65}.Debug|x64.ActiveCfg = Debug|Any CPU
		{B1FF950A-A432-49AC-A67A-7BF7DB36CD65}.Debug|x64.Build.0 = Debug|Any CPU
		{B1FF950A-A432-49AC-A67A-7BF7DB36CD65}.Debug|x86.ActiveCfg = Debug|Any CPU
		{B1FF950A-A432-49AC-A67A-7BF7DB36CD65}.Debug|x86.Build.0 = Debug|Any CPU
		{B1FF950A-A432-49AC-A67A-7BF7DB36CD65}.Release|Any CPU.ActiveCfg = Release|Any CPU
		{B1FF950A-A432-49AC-A67A-7BF7DB36CD65}.Release|Any CPU.Build.0 = Release|Any CPU
		{B1FF950A-A432-49AC-A67A-7BF7DB36CD65}.Release|x64.ActiveCfg = Release|Any CPU
		{B1FF950A-A432-49AC-A67A-7BF7DB36CD65}.Release|x64.Build.0 = Release|Any CPU
		{B1FF950A-A432-49AC-A67A-7BF7DB36CD65}.Release|x86.ActiveCfg = Release|Any CPU
		{B1FF950A-A432-49AC-A67A-7BF7DB36CD65}.Release|x86.Build.0 = Release|Any CPU
		{C14FAC0A-EA8E-47E5-924E-3664CD41DE9B}.Debug|Any CPU.ActiveCfg = Debug|Any CPU
		{C14FAC0A-EA8E-47E5-924E-3664CD41DE9B}.Debug|Any CPU.Build.0 = Debug|Any CPU
		{C14FAC0A-EA8E-47E5-924E-3664CD41DE9B}.Debug|x64.ActiveCfg = Debug|Any CPU
		{C14FAC0A-EA8E-47E5-924E-3664CD41DE9B}.Debug|x64.Build.0 = Debug|Any CPU
		{C14FAC0A-EA8E-47E5-924E-3664CD41DE9B}.Debug|x86.ActiveCfg = Debug|Any CPU
		{C14FAC0A-EA8E-47E5-924E-3664CD41DE9B}.Debug|x86.Build.0 = Debug|Any CPU
		{C14FAC0A-EA8E-47E5-924E-3664CD41DE9B}.Release|Any CPU.ActiveCfg = Release|Any CPU
		{C14FAC0A-EA8E-47E5-924E-3664CD41DE9B}.Release|Any CPU.Build.0 = Release|Any CPU
		{C14FAC0A-EA8E-47E5-924E-3664CD41DE9B}.Release|x64.ActiveCfg = Release|Any CPU
		{C14FAC0A-EA8E-47E5-924E-3664CD41DE9B}.Release|x64.Build.0 = Release|Any CPU
		{C14FAC0A-EA8E-47E5-924E-3664CD41DE9B}.Release|x86.ActiveCfg = Release|Any CPU
		{C14FAC0A-EA8E-47E5-924E-3664CD41DE9B}.Release|x86.Build.0 = Release|Any CPU
		{AE80454E-F3EA-4571-AD94-372E5ACE26A5}.Debug|Any CPU.ActiveCfg = Debug|Any CPU
		{AE80454E-F3EA-4571-AD94-372E5ACE26A5}.Debug|Any CPU.Build.0 = Debug|Any CPU
		{AE80454E-F3EA-4571-AD94-372E5ACE26A5}.Debug|x64.ActiveCfg = Debug|Any CPU
		{AE80454E-F3EA-4571-AD94-372E5ACE26A5}.Debug|x64.Build.0 = Debug|Any CPU
		{AE80454E-F3EA-4571-AD94-372E5ACE26A5}.Debug|x86.ActiveCfg = Debug|Any CPU
		{AE80454E-F3EA-4571-AD94-372E5ACE26A5}.Debug|x86.Build.0 = Debug|Any CPU
		{AE80454E-F3EA-4571-AD94-372E5ACE26A5}.Release|Any CPU.ActiveCfg = Release|Any CPU
		{AE80454E-F3EA-4571-AD94-372E5ACE26A5}.Release|Any CPU.Build.0 = Release|Any CPU
		{AE80454E-F3EA-4571-AD94-372E5ACE26A5}.Release|x64.ActiveCfg = Release|Any CPU
		{AE80454E-F3EA-4571-AD94-372E5ACE26A5}.Release|x64.Build.0 = Release|Any CPU
		{AE80454E-F3EA-4571-AD94-372E5ACE26A5}.Release|x86.ActiveCfg = Release|Any CPU
		{AE80454E-F3EA-4571-AD94-372E5ACE26A5}.Release|x86.Build.0 = Release|Any CPU
		{EC99A4EB-1541-4C0B-94CA-1AA95A704A41}.Debug|Any CPU.ActiveCfg = Debug|Any CPU
		{EC99A4EB-1541-4C0B-94CA-1AA95A704A41}.Debug|Any CPU.Build.0 = Debug|Any CPU
		{EC99A4EB-1541-4C0B-94CA-1AA95A704A41}.Debug|x64.ActiveCfg = Debug|Any CPU
		{EC99A4EB-1541-4C0B-94CA-1AA95A704A41}.Debug|x64.Build.0 = Debug|Any CPU
		{EC99A4EB-1541-4C0B-94CA-1AA95A704A41}.Debug|x86.ActiveCfg = Debug|Any CPU
		{EC99A4EB-1541-4C0B-94CA-1AA95A704A41}.Debug|x86.Build.0 = Debug|Any CPU
		{EC99A4EB-1541-4C0B-94CA-1AA95A704A41}.Release|Any CPU.ActiveCfg = Release|Any CPU
		{EC99A4EB-1541-4C0B-94CA-1AA95A704A41}.Release|Any CPU.Build.0 = Release|Any CPU
		{EC99A4EB-1541-4C0B-94CA-1AA95A704A41}.Release|x64.ActiveCfg = Release|Any CPU
		{EC99A4EB-1541-4C0B-94CA-1AA95A704A41}.Release|x64.Build.0 = Release|Any CPU
		{EC99A4EB-1541-4C0B-94CA-1AA95A704A41}.Release|x86.ActiveCfg = Release|Any CPU
		{EC99A4EB-1541-4C0B-94CA-1AA95A704A41}.Release|x86.Build.0 = Release|Any CPU
		{C4F032B7-58CE-4DA0-B6D2-94500D8AB4B4}.Debug|Any CPU.ActiveCfg = Debug|Any CPU
		{C4F032B7-58CE-4DA0-B6D2-94500D8AB4B4}.Debug|Any CPU.Build.0 = Debug|Any CPU
		{C4F032B7-58CE-4DA0-B6D2-94500D8AB4B4}.Debug|x64.ActiveCfg = Debug|Any CPU
		{C4F032B7-58CE-4DA0-B6D2-94500D8AB4B4}.Debug|x64.Build.0 = Debug|Any CPU
		{C4F032B7-58CE-4DA0-B6D2-94500D8AB4B4}.Debug|x86.ActiveCfg = Debug|Any CPU
		{C4F032B7-58CE-4DA0-B6D2-94500D8AB4B4}.Debug|x86.Build.0 = Debug|Any CPU
		{C4F032B7-58CE-4DA0-B6D2-94500D8AB4B4}.Release|Any CPU.ActiveCfg = Release|Any CPU
		{C4F032B7-58CE-4DA0-B6D2-94500D8AB4B4}.Release|Any CPU.Build.0 = Release|Any CPU
		{C4F032B7-58CE-4DA0-B6D2-94500D8AB4B4}.Release|x64.ActiveCfg = Release|Any CPU
		{C4F032B7-58CE-4DA0-B6D2-94500D8AB4B4}.Release|x64.Build.0 = Release|Any CPU
		{C4F032B7-58CE-4DA0-B6D2-94500D8AB4B4}.Release|x86.ActiveCfg = Release|Any CPU
		{C4F032B7-58CE-4DA0-B6D2-94500D8AB4B4}.Release|x86.Build.0 = Release|Any CPU
		{4FB7F216-7F05-4306-BD58-A5DCF17B14D0}.Debug|Any CPU.ActiveCfg = Debug|Any CPU
		{4FB7F216-7F05-4306-BD58-A5DCF17B14D0}.Debug|Any CPU.Build.0 = Debug|Any CPU
		{4FB7F216-7F05-4306-BD58-A5DCF17B14D0}.Debug|x64.ActiveCfg = Debug|Any CPU
		{4FB7F216-7F05-4306-BD58-A5DCF17B14D0}.Debug|x64.Build.0 = Debug|Any CPU
		{4FB7F216-7F05-4306-BD58-A5DCF17B14D0}.Debug|x86.ActiveCfg = Debug|Any CPU
		{4FB7F216-7F05-4306-BD58-A5DCF17B14D0}.Debug|x86.Build.0 = Debug|Any CPU
		{4FB7F216-7F05-4306-BD58-A5DCF17B14D0}.Release|Any CPU.ActiveCfg = Release|Any CPU
		{4FB7F216-7F05-4306-BD58-A5DCF17B14D0}.Release|Any CPU.Build.0 = Release|Any CPU
		{4FB7F216-7F05-4306-BD58-A5DCF17B14D0}.Release|x64.ActiveCfg = Release|Any CPU
		{4FB7F216-7F05-4306-BD58-A5DCF17B14D0}.Release|x64.Build.0 = Release|Any CPU
		{4FB7F216-7F05-4306-BD58-A5DCF17B14D0}.Release|x86.ActiveCfg = Release|Any CPU
		{4FB7F216-7F05-4306-BD58-A5DCF17B14D0}.Release|x86.Build.0 = Release|Any CPU
		{D2455CF4-29BD-4A21-9F00-E09D8226BC8C}.Debug|Any CPU.ActiveCfg = Debug|Any CPU
		{D2455CF4-29BD-4A21-9F00-E09D8226BC8C}.Debug|Any CPU.Build.0 = Debug|Any CPU
		{D2455CF4-29BD-4A21-9F00-E09D8226BC8C}.Debug|x64.ActiveCfg = Debug|Any CPU
		{D2455CF4-29BD-4A21-9F00-E09D8226BC8C}.Debug|x64.Build.0 = Debug|Any CPU
		{D2455CF4-29BD-4A21-9F00-E09D8226BC8C}.Debug|x86.ActiveCfg = Debug|Any CPU
		{D2455CF4-29BD-4A21-9F00-E09D8226BC8C}.Debug|x86.Build.0 = Debug|Any CPU
		{D2455CF4-29BD-4A21-9F00-E09D8226BC8C}.Release|Any CPU.ActiveCfg = Release|Any CPU
		{D2455CF4-29BD-4A21-9F00-E09D8226BC8C}.Release|Any CPU.Build.0 = Release|Any CPU
		{D2455CF4-29BD-4A21-9F00-E09D8226BC8C}.Release|x64.ActiveCfg = Release|Any CPU
		{D2455CF4-29BD-4A21-9F00-E09D8226BC8C}.Release|x64.Build.0 = Release|Any CPU
		{D2455CF4-29BD-4A21-9F00-E09D8226BC8C}.Release|x86.ActiveCfg = Release|Any CPU
		{D2455CF4-29BD-4A21-9F00-E09D8226BC8C}.Release|x86.Build.0 = Release|Any CPU
		{748B46EB-6DE4-4BD0-A307-0BB5A08F21AE}.Debug|Any CPU.ActiveCfg = Debug|Any CPU
		{748B46EB-6DE4-4BD0-A307-0BB5A08F21AE}.Debug|Any CPU.Build.0 = Debug|Any CPU
		{748B46EB-6DE4-4BD0-A307-0BB5A08F21AE}.Debug|x64.ActiveCfg = Debug|Any CPU
		{748B46EB-6DE4-4BD0-A307-0BB5A08F21AE}.Debug|x64.Build.0 = Debug|Any CPU
		{748B46EB-6DE4-4BD0-A307-0BB5A08F21AE}.Debug|x86.ActiveCfg = Debug|Any CPU
		{748B46EB-6DE4-4BD0-A307-0BB5A08F21AE}.Debug|x86.Build.0 = Debug|Any CPU
		{748B46EB-6DE4-4BD0-A307-0BB5A08F21AE}.Release|Any CPU.ActiveCfg = Release|Any CPU
		{748B46EB-6DE4-4BD0-A307-0BB5A08F21AE}.Release|Any CPU.Build.0 = Release|Any CPU
		{748B46EB-6DE4-4BD0-A307-0BB5A08F21AE}.Release|x64.ActiveCfg = Release|Any CPU
		{748B46EB-6DE4-4BD0-A307-0BB5A08F21AE}.Release|x64.Build.0 = Release|Any CPU
		{748B46EB-6DE4-4BD0-A307-0BB5A08F21AE}.Release|x86.ActiveCfg = Release|Any CPU
		{748B46EB-6DE4-4BD0-A307-0BB5A08F21AE}.Release|x86.Build.0 = Release|Any CPU
		{51363E7A-5744-4AF6-BA60-51C1D96DF14D}.Debug|Any CPU.ActiveCfg = Debug|Any CPU
		{51363E7A-5744-4AF6-BA60-51C1D96DF14D}.Debug|Any CPU.Build.0 = Debug|Any CPU
		{51363E7A-5744-4AF6-BA60-51C1D96DF14D}.Debug|x64.ActiveCfg = Debug|Any CPU
		{51363E7A-5744-4AF6-BA60-51C1D96DF14D}.Debug|x64.Build.0 = Debug|Any CPU
		{51363E7A-5744-4AF6-BA60-51C1D96DF14D}.Debug|x86.ActiveCfg = Debug|Any CPU
		{51363E7A-5744-4AF6-BA60-51C1D96DF14D}.Debug|x86.Build.0 = Debug|Any CPU
		{51363E7A-5744-4AF6-BA60-51C1D96DF14D}.Release|Any CPU.ActiveCfg = Release|Any CPU
		{51363E7A-5744-4AF6-BA60-51C1D96DF14D}.Release|Any CPU.Build.0 = Release|Any CPU
		{51363E7A-5744-4AF6-BA60-51C1D96DF14D}.Release|x64.ActiveCfg = Release|Any CPU
		{51363E7A-5744-4AF6-BA60-51C1D96DF14D}.Release|x64.Build.0 = Release|Any CPU
		{51363E7A-5744-4AF6-BA60-51C1D96DF14D}.Release|x86.ActiveCfg = Release|Any CPU
		{51363E7A-5744-4AF6-BA60-51C1D96DF14D}.Release|x86.Build.0 = Release|Any CPU
	EndGlobalSection
	GlobalSection(SolutionProperties) = preSolution
		HideSolutionNode = FALSE
	EndGlobalSection
	GlobalSection(NestedProjects) = preSolution
		{8F3F89FE-B802-4E81-9C3C-609F8DBFB406} = {827E0CD3-B72D-47B6-A68D-7590B98EB39B}
		{B1FF950A-A432-49AC-A67A-7BF7DB36CD65} = {827E0CD3-B72D-47B6-A68D-7590B98EB39B}
		{C14FAC0A-EA8E-47E5-924E-3664CD41DE9B} = {827E0CD3-B72D-47B6-A68D-7590B98EB39B}
		{AE80454E-F3EA-4571-AD94-372E5ACE26A5} = {827E0CD3-B72D-47B6-A68D-7590B98EB39B}
		{EC99A4EB-1541-4C0B-94CA-1AA95A704A41} = {827E0CD3-B72D-47B6-A68D-7590B98EB39B}
		{C4F032B7-58CE-4DA0-B6D2-94500D8AB4B4} = {827E0CD3-B72D-47B6-A68D-7590B98EB39B}
		{4FB7F216-7F05-4306-BD58-A5DCF17B14D0} = {827E0CD3-B72D-47B6-A68D-7590B98EB39B}
		{D2455CF4-29BD-4A21-9F00-E09D8226BC8C} = {0AB3BF05-4346-4AA6-1389-037BE0695223}
		{748B46EB-6DE4-4BD0-A307-0BB5A08F21AE} = {0AB3BF05-4346-4AA6-1389-037BE0695223}
		{51363E7A-5744-4AF6-BA60-51C1D96DF14D} = {0AB3BF05-4346-4AA6-1389-037BE0695223}
	EndGlobalSection
EndGlobal
